{
  "nodes": {
    "home-manager": {
      "inputs": {
        "nixpkgs": [
          "nixpkgs"
        ],
        "utils": "utils"
      },
      "locked": {
        "lastModified": 1657719085,
        "narHash": "sha256-nQt3MEBwKuKlmFKSRhdoh60AGlc+YlspV5e8kO/3y8U=",
        "owner": "nix-community",
        "repo": "home-manager",
        "rev": "2c94b9801f1a11cde0fc97aa850687bb9137d42c",
        "type": "github"
      },
      "original": {
        "id": "home-manager",
        "type": "indirect"
      }
    },
    "nixpkgs": {
      "locked": {
        "lastModified": 1658500284,
        "narHash": "sha256-g7vwZ5UF8PvC9f2/7Zf5O6zxgJiMSuh1CiGZVuuOhEQ=",
        "owner": "NixOS",
        "repo": "nixpkgs",
        "rev": "e3583ad6e533a9d8dd78f90bfa93812d390ea187",
        "type": "github"
      },
      "original": {
        "id": "nixpkgs",
        "type": "indirect"
      }
    },
    "nmd": {
      "flake": false,
      "locked": {
        "lastModified": 1654807200,
        "narHash": "sha256-RNLq09vfj21TyYuUCeD6BNTNC6Ew8bLhQULZytN4Xx8=",
        "owner": "rycee",
        "repo": "nmd",
        "rev": "91dee681dd1c478d6040a00835d73c0f4a4c5c29",
        "type": "gitlab"
      },
      "original": {
        "owner": "rycee",
        "repo": "nmd",
        "type": "gitlab"
      }
    },
    "root": {
      "inputs": {
        "home-manager": "home-manager",
        "nixpkgs": "nixpkgs",
        "nmd": "nmd"
      }
    },
    "utils": {
      "locked": {
        "lastModified": 1653893745,
        "narHash": "sha256-0jntwV3Z8//YwuOjzhV2sgJJPt+HY6KhU7VZUL0fKZQ=",
        "owner": "numtide",
        "repo": "flake-utils",
        "rev": "1ed9fb1935d260de5fe1c2f7ee0ebaae17ed2fa1",
        "type": "github"
      },
      "original": {
        "owner": "numtide",
        "repo": "flake-utils",
        "type": "github"
      }
    }
  },
  "root": "root",
  "version": 7
}
